<?xml version="1.0" encoding="utf-8"?>
<Project ToolsVersion="4.0" xmlns="http://schemas.microsoft.com/developer/msbuild/2003">
  <ItemGroup>
    <ClInclude Include="memory\memory-manager.h">
      <Filter>memory</Filter>
    </ClInclude>
    <ClInclude Include="memory\stack-allocator.h">
      <Filter>memory</Filter>
    </ClInclude>
    <ClInclude Include="memory\memory-utils.h">
      <Filter>memory</Filter>
    </ClInclude>
  </ItemGroup>
  <ItemGroup>
    <Filter Include="memory">
      <UniqueIdentifier>{304dbc89-d60b-435e-8171-af438f15344d}</UniqueIdentifier>
    </Filter>
  </ItemGroup>
  <ItemGroup>
    <ClCompile Include="memory\memory-manager.cpp">
      <Filter>memory</Filter>
    </ClCompile>
    <ClCompile Include="memory\stack-allocator.cpp">
      <Filter>memory</Filter>
    </ClCompile>
    <ClCompile Include="memory\memory-utils.cpp">
      <Filter>memory</Filter>
    </ClCompile>
  </ItemGroup>
</Project>